
Microsoft Visual Studio Solution File, Format Version 12.00
# Visual Studio Version 16
VisualStudioVersion = 16.0.30711.63
MinimumVisualStudioVersion = 10.0.40219.1
Project("{9A19103F-16F7-4668-BE54-9A1E7A4F7556}") = "Rfm69Transceiver", "Rfm69Transceiver\Rfm69Transceiver.csproj", "{6E580FA6-3726-452E-9C02-0895764C9EA3}"
EndProject
Project("{9A19103F-16F7-4668-BE54-9A1E7A4F7556}") = "Demo", "Demo\Demo.csproj", "{3ADEAADE-B7E6-4B47-A58F-999DC299B272}"
EndProject
Global
	GlobalSection(SolutionConfigurationPlatforms) = preSolution
		Debug|Any CPU = Debug|Any CPU
		Release|Any CPU = Release|Any CPU
	EndGlobalSection
	GlobalSection(ProjectConfigurationPlatforms) = postSolution
		{6E580FA6-3726-452E-9C02-0895764C9EA3}.Debug|Any CPU.ActiveCfg = Debug|Any CPU
		{6E580FA6-3726-452E-9C02-0895764C9EA3}.Debug|Any CPU.Build.0 = Debug|Any CPU
		{6E580FA6-3726-452E-9C02-0895764C9EA3}.Release|Any CPU.ActiveCfg = Release|Any CPU
		{6E580FA6-3726-452E-9C02-0895764C9EA3}.Release|Any CPU.Build.0 = Release|Any CPU
		{3ADEAADE-B7E6-4B47-A58F-999DC299B272}.Debug|Any CPU.ActiveCfg = Debug|Any CPU
		{3ADEAADE-B7E6-4B47-A58F-999DC299B272}.Debug|Any CPU.Build.0 = Debug|Any CPU
		{3ADEAADE-B7E6-4B47-A58F-999DC299B272}.Release|Any CPU.ActiveCfg = Release|Any CPU
		{3ADEAADE-B7E6-4B47-A58F-999DC299B272}.Release|Any CPU.Build.0 = Release|Any CPU
	EndGlobalSection
	GlobalSection(SolutionProperties) = preSolution
		HideSolutionNode = FALSE
	EndGlobalSection
	GlobalSection(ExtensibilityGlobals) = postSolution
		SolutionGuid = {0F5D292E-2BF7-4C09-AB57-73B20F85DF82}
	EndGlobalSection
EndGlobal
